Microsoft Visual Studio Solution File, Format Version 12.00
# Visual Studio 15
Project("{8BC9CEB8-8B4A-11D0-8D11-00A0C91BC942}") = "ALL_BUILD", "ALL_BUILD.vcxproj", "{48E167B8-C8BC-36CE-87B7-68B2017BB331}"
	ProjectSection(ProjectDependencies) = postProject
		{21F335FC-C00B-3409-9A64-D298BE4DA351} = {21F335FC-C00B-3409-9A64-D298BE4DA351}
		{FFD7A2F9-A7E1-3541-878E-11ABB965D91E} = {FFD7A2F9-A7E1-3541-878E-11ABB965D91E}
	EndProjectSection
EndProject
Project("{8BC9CEB8-8B4A-11D0-8D11-00A0C91BC942}") = "ZERO_CHECK", "ZERO_CHECK.vcxproj", "{21F335FC-C00B-3409-9A64-D298BE4DA351}"
	ProjectSection(ProjectDependencies) = postProject
	EndProjectSection
EndProject
Project("{8BC9CEB8-8B4A-11D0-8D11-00A0C91BC942}") = "a", "a.vcxproj", "{FFD7A2F9-A7E1-3541-878E-11ABB965D91E}"
	ProjectSection(ProjectDependencies) = postProject
		{21F335FC-C00B-3409-9A64-D298BE4DA351} = {21F335FC-C00B-3409-9A64-D298BE4DA351}
	EndProjectSection
EndProject
Project("{8BC9CEB8-8B4A-11D0-8D11-00A0C91BC942}") = "intrinsics_gen", "intrinsics_gen.vcxproj", "{4B0F7181-FE47-39F2-B391-21CE111E259E}"
	ProjectSection(ProjectDependencies) = postProject
		{21F335FC-C00B-3409-9A64-D298BE4DA351} = {21F335FC-C00B-3409-9A64-D298BE4DA351}
	EndProjectSection
EndProject
Global
	GlobalSection(SolutionConfigurationPlatforms) = preSolution
		Debug|Win32 = Debug|Win32
		Release|Win32 = Release|Win32
		MinSizeRel|Win32 = MinSizeRel|Win32
		RelWithDebInfo|Win32 = RelWithDebInfo|Win32
	EndGlobalSection
	GlobalSection(ProjectConfigurationPlatforms) = postSolution
		{48E167B8-C8BC-36CE-87B7-68B2017BB331}.Debug|Win32.ActiveCfg = Debug|Win32
		{48E167B8-C8BC-36CE-87B7-68B2017BB331}.Release|Win32.ActiveCfg = Release|Win32
		{48E167B8-C8BC-36CE-87B7-68B2017BB331}.MinSizeRel|Win32.ActiveCfg = MinSizeRel|Win32
		{48E167B8-C8BC-36CE-87B7-68B2017BB331}.RelWithDebInfo|Win32.ActiveCfg = RelWithDebInfo|Win32
		{21F335FC-C00B-3409-9A64-D298BE4DA351}.Debug|Win32.ActiveCfg = Debug|Win32
		{21F335FC-C00B-3409-9A64-D298BE4DA351}.Debug|Win32.Build.0 = Debug|Win32
		{21F335FC-C00B-3409-9A64-D298BE4DA351}.Release|Win32.ActiveCfg = Release|Win32
		{21F335FC-C00B-3409-9A64-D298BE4DA351}.Release|Win32.Build.0 = Release|Win32
		{21F335FC-C00B-3409-9A64-D298BE4DA351}.MinSizeRel|Win32.ActiveCfg = MinSizeRel|Win32
		{21F335FC-C00B-3409-9A64-D298BE4DA351}.MinSizeRel|Win32.Build.0 = MinSizeRel|Win32
		{21F335FC-C00B-3409-9A64-D298BE4DA351}.RelWithDebInfo|Win32.ActiveCfg = RelWithDebInfo|Win32
		{21F335FC-C00B-3409-9A64-D298BE4DA351}.RelWithDebInfo|Win32.Build.0 = RelWithDebInfo|Win32
		{FFD7A2F9-A7E1-3541-878E-11ABB965D91E}.Debug|Win32.ActiveCfg = Debug|Win32
		{FFD7A2F9-A7E1-3541-878E-11ABB965D91E}.Debug|Win32.Build.0 = Debug|Win32
		{FFD7A2F9-A7E1-3541-878E-11ABB965D91E}.Release|Win32.ActiveCfg = Release|Win32
		{FFD7A2F9-A7E1-3541-878E-11ABB965D91E}.Release|Win32.Build.0 = Release|Win32
		{FFD7A2F9-A7E1-3541-878E-11ABB965D91E}.MinSizeRel|Win32.ActiveCfg = MinSizeRel|Win32
		{FFD7A2F9-A7E1-3541-878E-11ABB965D91E}.MinSizeRel|Win32.Build.0 = MinSizeRel|Win32
		{FFD7A2F9-A7E1-3541-878E-11ABB965D91E}.RelWithDebInfo|Win32.ActiveCfg = RelWithDebInfo|Win32
		{FFD7A2F9-A7E1-3541-878E-11ABB965D91E}.RelWithDebInfo|Win32.Build.0 = RelWithDebInfo|Win32
		{4B0F7181-FE47-39F2-B391-21CE111E259E}.Debug|Win32.ActiveCfg = Debug|Win32
		{4B0F7181-FE47-39F2-B391-21CE111E259E}.Release|Win32.ActiveCfg = Release|Win32
		{4B0F7181-FE47-39F2-B391-21CE111E259E}.MinSizeRel|Win32.ActiveCfg = MinSizeRel|Win32
		{4B0F7181-FE47-39F2-B391-21CE111E259E}.RelWithDebInfo|Win32.ActiveCfg = RelWithDebInfo|Win32
	EndGlobalSection
	GlobalSection(ExtensibilityGlobals) = postSolution
		SolutionGuid = {BE80D68F-7AC5-3408-9D25-FE5C79CCB0BC}
	EndGlobalSection
	GlobalSection(ExtensibilityAddIns) = postSolution
	EndGlobalSection
EndGlobal
