<?xml version="1.0" encoding="utf-8"?>
<Project ToolsVersion="15.0" xmlns="http://schemas.microsoft.com/developer/msbuild/2003">
  <ItemGroup>
    <CustomBuild Include="D:\Source\Kaleidoscope\build\CMakeFiles\b093a7eddd9f7290b0a53f093125dd46\generate.stamp.rule">
      <Filter>CMake Rules</Filter>
    </CustomBuild>
  </ItemGroup>
  <ItemGroup>
    <Filter Include="CMake Rules">
      <UniqueIdentifier>{E660CCE2-04A9-36FD-A568-C889F858171B}</UniqueIdentifier>
    </Filter>
  </ItemGroup>
</Project>
